
Microsoft Visual Studio Solution File, Format Version 11.00
# Visual Studio 2010
Project("{8BC9CEB8-8B4A-11D0-8D11-00A0C91BC942}") = "try3", "try3\try3.vcxproj", "{A0306E5E-9AC7-4E72-9C36-E342BBC2C76C}"
EndProject
Global
	GlobalSection(SolutionConfigurationPlatforms) = preSolution
		Debug|Win32 = Debug|Win32
		Release|Win32 = Release|Win32
	EndGlobalSection
	GlobalSection(ProjectConfigurationPlatforms) = postSolution
		{A0306E5E-9AC7-4E72-9C36-E342BBC2C76C}.Debug|Win32.ActiveCfg = Debug|Win32
		{A0306E5E-9AC7-4E72-9C36-E342BBC2C76C}.Debug|Win32.Build.0 = Debug|Win32
		{A0306E5E-9AC7-4E72-9C36-E342BBC2C76C}.Release|Win32.ActiveCfg = Release|Win32
		{A0306E5E-9AC7-4E72-9C36-E342BBC2C76C}.Release|Win32.Build.0 = Release|Win32
	EndGlobalSection
	GlobalSection(SolutionProperties) = preSolution
		HideSolutionNode = FALSE
	EndGlobalSection
EndGlobal
